{
  "pins" : [
    {
      "identity" : "sendbird-ios-framework",
      "kind" : "remoteSourceControl",
      "location" : "https://github.com/sendbird/sendbird-ios-framework",
      "state" : {
        "branch" : "master",
        "revision" : "36e00135e64546d49517ca04a6f989e98031456d"
      }
    }
  ],
  "version" : 2
}
