{
  "pins" : [
    {
      "identity" : "chatsdkwrapper",
      "kind" : "remoteSourceControl",
      "location" : "https://github.com/mininny/ChatSDKWrapper",
      "state" : {
        "branch" : "main",
        "revision" : "9ff1d362bffc577b021fdcb7de50004a878d7e90"
      }
    }
  ],
  "version" : 2
}
